GEM
  remote: https://rubygems.org/
  specs:
    activesupport (8.1.3)
      base64
      bigdecimal
      concurrent-ruby (~> 1.0, >= 1.3.1)
      connection_pool (>= 2.2.5)
      drb
      i18n (>= 1.6, < 2)
      json
      logger (>= 1.4.2)
      minitest (>= 5.1)
      securerandom (>= 0.3)
      tzinfo (~> 2.0, >= 2.0.5)
      uri (>= 0.13.1)
    base64 (0.3.0)
    bigdecimal (4.1.1)
    concurrent-ruby (1.3.6)
    connection_pool (3.0.2)
    delta_exchange (0.1.2)
      activesupport (>= 7.0)
      dry-validation (~> 1.8)
      eventmachine (~> 1.2)
      faraday (~> 2.0)
      faye-websocket (~> 0.11)
      zeitwerk (>= 2.6)
    diff-lcs (1.6.2)
    dotenv (3.2.0)
    drb (2.2.3)
    dry-configurable (1.3.0)
      dry-core (~> 1.1)
      zeitwerk (~> 2.6)
    dry-core (1.2.0)
      concurrent-ruby (~> 1.0)
      logger
      zeitwerk (~> 2.6)
    dry-inflector (1.3.1)
    dry-initializer (3.2.0)
    dry-logic (1.6.0)
      bigdecimal
      concurrent-ruby (~> 1.0)
      dry-core (~> 1.1)
      zeitwerk (~> 2.6)
    dry-schema (1.16.0)
      concurrent-ruby (~> 1.0)
      dry-configurable (~> 1.0, >= 1.0.1)
      dry-core (~> 1.1)
      dry-initializer (~> 3.2)
      dry-logic (~> 1.6)
      dry-types (~> 1.9, >= 1.9.1)
      zeitwerk (~> 2.6)
    dry-struct (1.8.1)
      dry-core (~> 1.1)
      dry-types (~> 1.8, >= 1.8.2)
      ice_nine (~> 0.11)
      zeitwerk (~> 2.6)
    dry-types (1.9.1)
      bigdecimal (>= 3.0)
      concurrent-ruby (~> 1.0)
      dry-core (~> 1.0)
      dry-inflector (~> 1.0)
      dry-logic (~> 1.4)
      zeitwerk (~> 2.6)
    dry-validation (1.11.1)
      concurrent-ruby (~> 1.0)
      dry-core (~> 1.1)
      dry-initializer (~> 3.2)
      dry-schema (~> 1.14)
      zeitwerk (~> 2.6)
    eventmachine (1.2.7)
    faraday (2.14.1)
      faraday-net_http (>= 2.0, < 3.5)
      json
      logger
    faraday-multipart (1.2.0)
      multipart-post (~> 2.0)
    faraday-net_http (3.4.2)
      net-http (~> 0.5)
    faye-websocket (0.12.0)
      eventmachine (>= 0.12.0)
      websocket-driver (>= 0.8.0)
    i18n (1.14.8)
      concurrent-ruby (~> 1.0)
    ice_nine (0.11.2)
    json (2.19.3)
    logger (1.7.0)
    minitest (6.0.3)
      drb (~> 2.0)
      prism (~> 1.5)
    multipart-post (2.4.1)
    net-http (0.9.1)
      uri (>= 0.11.1)
    pg (1.6.3)
    pg (1.6.3-aarch64-linux)
    pg (1.6.3-aarch64-linux-musl)
    pg (1.6.3-arm64-darwin)
    pg (1.6.3-x86_64-darwin)
    pg (1.6.3-x86_64-linux)
    pg (1.6.3-x86_64-linux-musl)
    prism (1.9.0)
    redis (5.4.1)
      redis-client (>= 0.22.0)
    redis-client (0.28.0)
      connection_pool
    rspec (3.13.2)
      rspec-core (~> 3.13.0)
      rspec-expectations (~> 3.13.0)
      rspec-mocks (~> 3.13.0)
    rspec-core (3.13.6)
      rspec-support (~> 3.13.0)
    rspec-expectations (3.13.5)
      diff-lcs (>= 1.2.0, < 2.0)
      rspec-support (~> 3.13.0)
    rspec-mocks (3.13.8)
      diff-lcs (>= 1.2.0, < 2.0)
      rspec-support (~> 3.13.0)
    rspec-support (3.13.7)
    ruby-technical-analysis (1.0.4)
    securerandom (0.4.1)
    technical-analysis (0.2.4)
    telegram-bot-ruby (2.7.0)
      dry-struct (~> 1.6)
      faraday (~> 2.0)
      faraday-multipart (~> 1.0)
      zeitwerk (~> 2.6)
    tzinfo (2.0.6)
      concurrent-ruby (~> 1.0)
    uri (1.1.1)
    websocket-driver (0.8.0)
      base64
      websocket-extensions (>= 0.1.0)
    websocket-extensions (0.1.5)
    zeitwerk (2.7.5)

PLATFORMS
  aarch64-linux
  aarch64-linux-musl
  arm64-darwin
  ruby
  x86_64-darwin
  x86_64-linux
  x86_64-linux-musl

DEPENDENCIES
  delta_exchange
  dotenv
  pg
  redis
  rspec
  rspec-mocks
  ruby-technical-analysis
  technical-analysis
  telegram-bot-ruby
  tzinfo

CHECKSUMS
  activesupport (8.1.3) sha256=21a5e0dfbd4c3ddd9e1317ec6a4d782fa226e7867dc70b0743acda81a1dca20e
  base64 (0.3.0) sha256=27337aeabad6ffae05c265c450490628ef3ebd4b67be58257393227588f5a97b
  bigdecimal (4.1.1) sha256=1c09efab961da45203c8316b0cdaec0ff391dfadb952dd459584b63ebf8054ca
  concurrent-ruby (1.3.6) sha256=6b56837e1e7e5292f9864f34b69c5a2cbc75c0cf5338f1ce9903d10fa762d5ab
  connection_pool (3.0.2) sha256=33fff5ba71a12d2aa26cb72b1db8bba2a1a01823559fb01d29eb74c286e62e0a
  delta_exchange (0.1.2) sha256=fed2fe0d8afeab019cbde7a3773b9d67afa6495e84b0cf59698ca91712c35a30
  diff-lcs (1.6.2) sha256=9ae0d2cba7d4df3075fe8cd8602a8604993efc0dfa934cff568969efb1909962
  dotenv (3.2.0) sha256=e375b83121ea7ca4ce20f214740076129ab8514cd81378161f11c03853fe619d
  drb (2.2.3) sha256=0b00d6fdb50995fe4a45dea13663493c841112e4068656854646f418fda13373
  dry-configurable (1.3.0) sha256=882d862858567fc1210d2549d4c090f34370fc1bb7c5c1933de3fe792e18afa8
  dry-core (1.2.0) sha256=0cc5a7da88df397f153947eeeae42e876e999c1e30900f3c536fb173854e96a1
  dry-inflector (1.3.1) sha256=7fb0c2bb04f67638f25c52e7ba39ab435d922a3a5c3cd196120f63accb682dcc
  dry-initializer (3.2.0) sha256=37d59798f912dc0a1efe14a4db4a9306989007b302dcd5f25d0a2a20c166c4e3
  dry-logic (1.6.0) sha256=da6fedbc0f90fc41f9b0cc7e6f05f5d529d1efaef6c8dcc8e0733f685745cea2
  dry-schema (1.16.0) sha256=cd3aaeabc0f1af66ec82a29096d4c4fb92a0a58b9dae29a22b1bbceb78985727
  dry-struct (1.8.1) sha256=033868594c45241540172bf1ebbc8bb76b72b4f0717072325deba38ac13e80f1
  dry-types (1.9.1) sha256=baebeecdb9f8395d6c9d227b62011279440943e3ef2468fe8ccc1ba11467f178
  dry-validation (1.11.1) sha256=70900bb5a2d911c8aab566d3e360c6bff389b8bf92ea8e04885ce51c41ff8085
  eventmachine (1.2.7) sha256=994016e42aa041477ba9cff45cbe50de2047f25dd418eba003e84f0d16560972
  faraday (2.14.1) sha256=a43cceedc1e39d188f4d2cdd360a8aaa6a11da0c407052e426ba8d3fb42ef61c
  faraday-multipart (1.2.0) sha256=7d89a949693714176f612323ca13746a2ded204031a6ba528adee788694ef757
  faraday-net_http (3.4.2) sha256=f147758260d3526939bf57ecf911682f94926a3666502e24c69992765875906c
  faye-websocket (0.12.0) sha256=ad9f7dfcd0306d0a13baeee450729657661129af15bb5f38716c242484ab42e1
  i18n (1.14.8) sha256=285778639134865c5e0f6269e0b818256017e8cde89993fdfcbfb64d088824a5
  ice_nine (0.11.2) sha256=5d506a7d2723d5592dc121b9928e4931742730131f22a1a37649df1c1e2e63db
  json (2.19.3) sha256=289b0bb53052a1fa8c34ab33cc750b659ba14a5c45f3fcf4b18762dc67c78646
  logger (1.7.0) sha256=196edec7cc44b66cfb40f9755ce11b392f21f7967696af15d274dde7edff0203
  minitest (6.0.3) sha256=88ac8a1de36c00692420e7cb3cc11a0773bbcb126aee1c249f320160a7d11411
  multipart-post (2.4.1) sha256=9872d03a8e552020ca096adadbf5e3cb1cd1cdd6acd3c161136b8a5737cdb4a8
  net-http (0.9.1) sha256=25ba0b67c63e89df626ed8fac771d0ad24ad151a858af2cc8e6a716ca4336996
  pg (1.6.3) sha256=1388d0563e13d2758c1089e35e973a3249e955c659592d10e5b77c468f628a99
  pg (1.6.3-aarch64-linux) sha256=0698ad563e02383c27510b76bf7d4cd2de19cd1d16a5013f375dd473e4be72ea
  pg (1.6.3-aarch64-linux-musl) sha256=06a75f4ea04b05140146f2a10550b8e0d9f006a79cdaf8b5b130cde40e3ecc2c
  pg (1.6.3-arm64-darwin) sha256=7240330b572e6355d7c75a7de535edb5dfcbd6295d9c7777df4d9dddfb8c0e5f
  pg (1.6.3-x86_64-darwin) sha256=ee2e04a17c0627225054ffeb43e31a95be9d7e93abda2737ea3ce4a62f2729d6
  pg (1.6.3-x86_64-linux) sha256=5d9e188c8f7a0295d162b7b88a768d8452a899977d44f3274d1946d67920ae8d
  pg (1.6.3-x86_64-linux-musl) sha256=9c9c90d98c72f78eb04c0f55e9618fe55d1512128e411035fe229ff427864009
  prism (1.9.0) sha256=7b530c6a9f92c24300014919c9dcbc055bf4cdf51ec30aed099b06cd6674ef85
  redis (5.4.1) sha256=b5e675b57ad22b15c9bcc765d5ac26f60b675408af916d31527af9bd5a81faae
  redis-client (0.28.0) sha256=888892f9cd8787a41c0ece00bdf5f556dfff7770326ce40bb2bc11f1bfec824b
  rspec (3.13.2) sha256=206284a08ad798e61f86d7ca3e376718d52c0bc944626b2349266f239f820587
  rspec-core (3.13.6) sha256=a8823c6411667b60a8bca135364351dda34cd55e44ff94c4be4633b37d828b2d
  rspec-expectations (3.13.5) sha256=33a4d3a1d95060aea4c94e9f237030a8f9eae5615e9bd85718fe3a09e4b58836
  rspec-mocks (3.13.8) sha256=086ad3d3d17533f4237643de0b5c42f04b66348c28bf6b9c2d3f4a3b01af1d47
  rspec-support (3.13.7) sha256=0640e5570872aafefd79867901deeeeb40b0c9875a36b983d85f54fb7381c47c
  ruby-technical-analysis (1.0.4) sha256=5500d4cfb0f2613503778f0590d89acaa4456768e0cf512c0abdb3e055257dcc
  securerandom (0.4.1) sha256=cc5193d414a4341b6e225f0cb4446aceca8e50d5e1888743fac16987638ea0b1
  technical-analysis (0.2.4) sha256=ef4c9041e86c488cf93f20e3cd8eab34dd57a3e44ee8dbcc8bc7f9c0de9e73d0
  telegram-bot-ruby (2.7.0) sha256=9c75c861e8135815168ded5cf154e8fad2ed7dd34cc69667eb0a190b84291371
  tzinfo (2.0.6) sha256=8daf828cc77bcf7d63b0e3bdb6caa47e2272dcfaf4fbfe46f8c3a9df087a829b
  uri (1.1.1) sha256=379fa58d27ffb1387eaada68c749d1426738bd0f654d812fcc07e7568f5c57c6
  websocket-driver (0.8.0) sha256=ed0dba4b943c22f17f9a734817e808bc84cdce6a7e22045f5315aa57676d4962
  websocket-extensions (0.1.5) sha256=1c6ba63092cda343eb53fc657110c71c754c56484aad42578495227d717a8241
  zeitwerk (2.7.5) sha256=d8da92128c09ea6ec62c949011b00ed4a20242b255293dd66bf41545398f73dd

RUBY VERSION
  ruby 3.3.4

BUNDLED WITH
  4.0.9
